
Microsoft Visual Studio Solution File, Format Version 12.00
# Visual Studio Version 16
VisualStudioVersion = 16.0.28803.202
MinimumVisualStudioVersion = 10.0.40219.1
Project("{FAE04EC0-301F-11D3-BF4B-00C04F79EFBC}") = "SistemaWeb2", "SistemaWeb2\SistemaWeb2.csproj", "{07A3B992-D9AF-48DF-9828-E507023E0789}"
EndProject
Project("{FAE04EC0-301F-11D3-BF4B-00C04F79EFBC}") = "Entidades", "Entidades\Entidades.csproj", "{890AB34D-850A-44B8-85C5-3DB39BCFA0F8}"
EndProject
Project("{FAE04EC0-301F-11D3-BF4B-00C04F79EFBC}") = "Datos", "Datos\Datos.csproj", "{B420D080-049B-4F29-BB0C-EBAAE7BBFE61}"
EndProject
Global
	GlobalSection(SolutionConfigurationPlatforms) = preSolution
		Debug|Any CPU = Debug|Any CPU
		Release|Any CPU = Release|Any CPU
	EndGlobalSection
	GlobalSection(ProjectConfigurationPlatforms) = postSolution
		{07A3B992-D9AF-48DF-9828-E507023E0789}.Debug|Any CPU.ActiveCfg = Debug|Any CPU
		{07A3B992-D9AF-48DF-9828-E507023E0789}.Debug|Any CPU.Build.0 = Debug|Any CPU
		{07A3B992-D9AF-48DF-9828-E507023E0789}.Release|Any CPU.ActiveCfg = Release|Any CPU
		{07A3B992-D9AF-48DF-9828-E507023E0789}.Release|Any CPU.Build.0 = Release|Any CPU
		{890AB34D-850A-44B8-85C5-3DB39BCFA0F8}.Debug|Any CPU.ActiveCfg = Debug|Any CPU
		{890AB34D-850A-44B8-85C5-3DB39BCFA0F8}.Debug|Any CPU.Build.0 = Debug|Any CPU
		{890AB34D-850A-44B8-85C5-3DB39BCFA0F8}.Release|Any CPU.ActiveCfg = Release|Any CPU
		{890AB34D-850A-44B8-85C5-3DB39BCFA0F8}.Release|Any CPU.Build.0 = Release|Any CPU
		{B420D080-049B-4F29-BB0C-EBAAE7BBFE61}.Debug|Any CPU.ActiveCfg = Debug|Any CPU
		{B420D080-049B-4F29-BB0C-EBAAE7BBFE61}.Debug|Any CPU.Build.0 = Debug|Any CPU
		{B420D080-049B-4F29-BB0C-EBAAE7BBFE61}.Release|Any CPU.ActiveCfg = Release|Any CPU
		{B420D080-049B-4F29-BB0C-EBAAE7BBFE61}.Release|Any CPU.Build.0 = Release|Any CPU
	EndGlobalSection
	GlobalSection(SolutionProperties) = preSolution
		HideSolutionNode = FALSE
	EndGlobalSection
	GlobalSection(ExtensibilityGlobals) = postSolution
		SolutionGuid = {BB90F43F-9E06-4EBC-AFA8-877FAAADAFB8}
	EndGlobalSection
EndGlobal
